
Microsoft Visual Studio Solution File, Format Version 12.00
# Visual Studio 15
VisualStudioVersion = 15.0.28307.645
MinimumVisualStudioVersion = 10.0.40219.1
Project("{9A19103F-16F7-4668-BE54-9A1E7A4F7556}") = "LeetCodeInCS", "CSharp\LeetCodeInCS.csproj", "{5374B958-4A07-4669-BA45-F3866538C47E}"
EndProject
Project("{FAE04EC0-301F-11D3-BF4B-00C04F79EFBC}") = "AlgoInCS", "AlgoInCS\AlgoInCS.csproj", "{F1350F16-E039-41C4-A83D-1B6C2960BF6E}"
EndProject
Global
	GlobalSection(SolutionConfigurationPlatforms) = preSolution
		Debug|Any CPU = Debug|Any CPU
		Release|Any CPU = Release|Any CPU
	EndGlobalSection
	GlobalSection(ProjectConfigurationPlatforms) = postSolution
		{5374B958-4A07-4669-BA45-F3866538C47E}.Debug|Any CPU.ActiveCfg = Debug|Any CPU
		{5374B958-4A07-4669-BA45-F3866538C47E}.Debug|Any CPU.Build.0 = Debug|Any CPU
		{5374B958-4A07-4669-BA45-F3866538C47E}.Release|Any CPU.ActiveCfg = Release|Any CPU
		{5374B958-4A07-4669-BA45-F3866538C47E}.Release|Any CPU.Build.0 = Release|Any CPU
		{F1350F16-E039-41C4-A83D-1B6C2960BF6E}.Debug|Any CPU.ActiveCfg = Debug|Any CPU
		{F1350F16-E039-41C4-A83D-1B6C2960BF6E}.Debug|Any CPU.Build.0 = Debug|Any CPU
		{F1350F16-E039-41C4-A83D-1B6C2960BF6E}.Release|Any CPU.ActiveCfg = Release|Any CPU
		{F1350F16-E039-41C4-A83D-1B6C2960BF6E}.Release|Any CPU.Build.0 = Release|Any CPU
	EndGlobalSection
	GlobalSection(SolutionProperties) = preSolution
		HideSolutionNode = FALSE
	EndGlobalSection
	GlobalSection(ExtensibilityGlobals) = postSolution
		SolutionGuid = {8275436D-4DBC-4249-8566-52A4BB6CEDA8}
	EndGlobalSection
EndGlobal
